// !$*UTF8*$!
{
	archiveVersion = 1;
	classes = {
	};
	objectVersion = 44;
	objects = {

/* Begin PBXBuildFile section */
		57251F280FAE18180052F18F /* main.cpp in Sources */ = {isa = PBXBuildFile; fileRef = 57251F270FAE18180052F18F /* main.cpp */; };
		572520420FAF876C0052F18F /* nodeid.cpp in Sources */ = {isa = PBXBuildFile; fileRef = 5725203D0FAF876C0052F18F /* nodeid.cpp */; };
		572520430FAF876C0052F18F /* packetheader.cpp in Sources */ = {isa = PBXBuildFile; fileRef = 5725203F0FAF876C0052F18F /* packetheader.cpp */; };
		572520EB0FB0B29A0052F18F /* coreservice.cpp in Sources */ = {isa = PBXBuildFile; fileRef = 572520EA0FB0B29A0052F18F /* coreservice.cpp */; };
		572521380FB0B59C0052F18F /* server.cpp in Sources */ = {isa = PBXBuildFile; fileRef = 572521370FB0B59C0052F18F /* server.cpp */; };
		5725228B0FB33C190052F18F /* serviceregistry.cpp in Sources */ = {isa = PBXBuildFile; fileRef = 5725228A0FB33C190052F18F /* serviceregistry.cpp */; };
		572523210FB3521A0052F18F /* core.pb.cc in Sources */ = {isa = PBXBuildFile; fileRef = 5725231F0FB3521A0052F18F /* core.pb.cc */; };
		57295A2E0FB591D90028DA4B /* bucketstore.cpp in Sources */ = {isa = PBXBuildFile; fileRef = 57295A2D0FB591D90028DA4B /* bucketstore.cpp */; };
		57295C3D0FB759930028DA4B /* contact.cpp in Sources */ = {isa = PBXBuildFile; fileRef = 57295C3C0FB759930028DA4B /* contact.cpp */; };
		57295C8E0FB88BBC0028DA4B /* request.cpp in Sources */ = {isa = PBXBuildFile; fileRef = 57295C8D0FB88BBC0028DA4B /* request.cpp */; };
		578210650FDC033900EAE28F /* remoteservice.cpp in Sources */ = {isa = PBXBuildFile; fileRef = 578210640FDC033900EAE28F /* remoteservice.cpp */; };
		578211780FE047FB00EAE28F /* rawpackethandler.cpp in Sources */ = {isa = PBXBuildFile; fileRef = 578211770FE047FB00EAE28F /* rawpackethandler.cpp */; };
		5782127D0FE2B7E000EAE28F /* task.cpp in Sources */ = {isa = PBXBuildFile; fileRef = 5782127C0FE2B7E000EAE28F /* task.cpp */; };
		5797C5530FC9CFFA00A901F6 /* simpledb.cpp in Sources */ = {isa = PBXBuildFile; fileRef = 5797C54F0FC9CFFA00A901F6 /* simpledb.cpp */; };
		5797C5540FC9CFFA00A901F6 /* simpledb.h in Headers */ = {isa = PBXBuildFile; fileRef = 5797C5500FC9CFFA00A901F6 /* simpledb.h */; };
		5797C5550FC9CFFA00A901F6 /* simpledb.pb.cc in Sources */ = {isa = PBXBuildFile; fileRef = 5797C5510FC9CFFA00A901F6 /* simpledb.pb.cc */; };
		5797C5560FC9CFFA00A901F6 /* simpledb.pb.h in Headers */ = {isa = PBXBuildFile; fileRef = 5797C5520FC9CFFA00A901F6 /* simpledb.pb.h */; };
		57AAB56B0FD92E8C00D902E5 /* transaction.cpp in Sources */ = {isa = PBXBuildFile; fileRef = 57AAB56A0FD92E8C00D902E5 /* transaction.cpp */; };
		57D47EEB0FC0B4650080E0CE /* baseservice.cpp in Sources */ = {isa = PBXBuildFile; fileRef = 57D47EEA0FC0B4650080E0CE /* baseservice.cpp */; };
		8DD76F6A0486A84900D96B5E /* sikozu.1 in CopyFiles */ = {isa = PBXBuildFile; fileRef = C6859E8B029090EE04C91782 /* sikozu.1 */; };
/* End PBXBuildFile section */

/* Begin PBXCopyFilesBuildPhase section */
		8DD76F690486A84900D96B5E /* CopyFiles */ = {
			isa = PBXCopyFilesBuildPhase;
			buildActionMask = 8;
			dstPath = /usr/share/man/man1/;
			dstSubfolderSpec = 0;
			files = (
				8DD76F6A0486A84900D96B5E /* sikozu.1 in CopyFiles */,
			);
			runOnlyForDeploymentPostprocessing = 1;
		};
/* End PBXCopyFilesBuildPhase section */

/* Begin PBXFileReference section */
		57251F270FAE18180052F18F /* main.cpp */ = {isa = PBXFileReference; fileEncoding = 4; lastKnownFileType = sourcecode.cpp.cpp; name = main.cpp; path = ../src/main.cpp; sourceTree = SOURCE_ROOT; };
		5725203D0FAF876C0052F18F /* nodeid.cpp */ = {isa = PBXFileReference; fileEncoding = 4; lastKnownFileType = sourcecode.cpp.cpp; name = nodeid.cpp; path = ../src/nodeid.cpp; sourceTree = SOURCE_ROOT; };
		5725203E0FAF876C0052F18F /* nodeid.h */ = {isa = PBXFileReference; fileEncoding = 4; lastKnownFileType = sourcecode.c.h; name = nodeid.h; path = ../src/nodeid.h; sourceTree = SOURCE_ROOT; };
		5725203F0FAF876C0052F18F /* packetheader.cpp */ = {isa = PBXFileReference; fileEncoding = 4; lastKnownFileType = sourcecode.cpp.cpp; name = packetheader.cpp; path = ../src/packetheader.cpp; sourceTree = SOURCE_ROOT; };
		572520E60FB0AD830052F18F /* service.h */ = {isa = PBXFileReference; fileEncoding = 4; lastKnownFileType = sourcecode.c.h; name = service.h; path = ../src/service.h; sourceTree = SOURCE_ROOT; };
		572520E90FB0B29A0052F18F /* coreservice.h */ = {isa = PBXFileReference; fileEncoding = 4; lastKnownFileType = sourcecode.c.h; name = coreservice.h; path = ../src/coreservice.h; sourceTree = SOURCE_ROOT; };
		572520EA0FB0B29A0052F18F /* coreservice.cpp */ = {isa = PBXFileReference; fileEncoding = 4; lastKnownFileType = sourcecode.cpp.cpp; name = coreservice.cpp; path = ../src/coreservice.cpp; sourceTree = SOURCE_ROOT; };
		572521360FB0B59C0052F18F /* server.h */ = {isa = PBXFileReference; fileEncoding = 4; lastKnownFileType = sourcecode.c.h; name = server.h; path = ../src/server.h; sourceTree = SOURCE_ROOT; };
		572521370FB0B59C0052F18F /* server.cpp */ = {isa = PBXFileReference; fileEncoding = 4; lastKnownFileType = sourcecode.cpp.cpp; name = server.cpp; path = ../src/server.cpp; sourceTree = SOURCE_ROOT; };
		572522890FB33C190052F18F /* serviceregistry.h */ = {isa = PBXFileReference; fileEncoding = 4; lastKnownFileType = sourcecode.c.h; name = serviceregistry.h; path = ../src/serviceregistry.h; sourceTree = SOURCE_ROOT; };
		5725228A0FB33C190052F18F /* serviceregistry.cpp */ = {isa = PBXFileReference; fileEncoding = 4; lastKnownFileType = sourcecode.cpp.cpp; name = serviceregistry.cpp; path = ../src/serviceregistry.cpp; sourceTree = SOURCE_ROOT; };
		5725231F0FB3521A0052F18F /* core.pb.cc */ = {isa = PBXFileReference; fileEncoding = 4; lastKnownFileType = sourcecode.cpp.cpp; name = core.pb.cc; path = ../src/core.pb.cc; sourceTree = SOURCE_ROOT; };
		572523200FB3521A0052F18F /* core.pb.h */ = {isa = PBXFileReference; fileEncoding = 4; lastKnownFileType = sourcecode.c.h; name = core.pb.h; path = ../src/core.pb.h; sourceTree = SOURCE_ROOT; };
		57295A2C0FB591D90028DA4B /* bucketstore.h */ = {isa = PBXFileReference; fileEncoding = 4; lastKnownFileType = sourcecode.c.h; name = bucketstore.h; path = ../src/bucketstore.h; sourceTree = SOURCE_ROOT; };
		57295A2D0FB591D90028DA4B /* bucketstore.cpp */ = {isa = PBXFileReference; fileEncoding = 4; lastKnownFileType = sourcecode.cpp.cpp; name = bucketstore.cpp; path = ../src/bucketstore.cpp; sourceTree = SOURCE_ROOT; };
		57295C3B0FB759930028DA4B /* contact.h */ = {isa = PBXFileReference; fileEncoding = 4; lastKnownFileType = sourcecode.c.h; name = contact.h; path = ../src/contact.h; sourceTree = SOURCE_ROOT; };
		57295C3C0FB759930028DA4B /* contact.cpp */ = {isa = PBXFileReference; fileEncoding = 4; lastKnownFileType = sourcecode.cpp.cpp; name = contact.cpp; path = ../src/contact.cpp; sourceTree = SOURCE_ROOT; };
		57295C8C0FB88BBC0028DA4B /* request.h */ = {isa = PBXFileReference; fileEncoding = 4; lastKnownFileType = sourcecode.c.h; name = request.h; path = ../src/request.h; sourceTree = SOURCE_ROOT; };
		57295C8D0FB88BBC0028DA4B /* request.cpp */ = {isa = PBXFileReference; fileEncoding = 4; lastKnownFileType = sourcecode.cpp.cpp; name = request.cpp; path = ../src/request.cpp; sourceTree = SOURCE_ROOT; };
		578210630FDC033900EAE28F /* remoteservice.h */ = {isa = PBXFileReference; fileEncoding = 4; lastKnownFileType = sourcecode.c.h; name = remoteservice.h; path = ../src/remoteservice.h; sourceTree = SOURCE_ROOT; };
		578210640FDC033900EAE28F /* remoteservice.cpp */ = {isa = PBXFileReference; fileEncoding = 4; lastKnownFileType = sourcecode.cpp.cpp; name = remoteservice.cpp; path = ../src/remoteservice.cpp; sourceTree = SOURCE_ROOT; };
		578211760FE047FB00EAE28F /* rawpackethandler.h */ = {isa = PBXFileReference; fileEncoding = 4; lastKnownFileType = sourcecode.c.h; name = rawpackethandler.h; path = ../src/rawpackethandler.h; sourceTree = SOURCE_ROOT; };
		578211770FE047FB00EAE28F /* rawpackethandler.cpp */ = {isa = PBXFileReference; fileEncoding = 4; lastKnownFileType = sourcecode.cpp.cpp; name = rawpackethandler.cpp; path = ../src/rawpackethandler.cpp; sourceTree = SOURCE_ROOT; };
		578212590FE190A700EAE28F /* task.h */ = {isa = PBXFileReference; fileEncoding = 4; lastKnownFileType = sourcecode.c.h; name = task.h; path = ../src/task.h; sourceTree = SOURCE_ROOT; };
		5782127C0FE2B7E000EAE28F /* task.cpp */ = {isa = PBXFileReference; fileEncoding = 4; lastKnownFileType = sourcecode.cpp.cpp; name = task.cpp; path = ../src/task.cpp; sourceTree = SOURCE_ROOT; };
		5797C54A0FC9CF7E00A901F6 /* libsimpledb.dylib */ = {isa = PBXFileReference; explicitFileType = "compiled.mach-o.dylib"; includeInIndex = 0; path = libsimpledb.dylib; sourceTree = BUILT_PRODUCTS_DIR; };
		5797C54F0FC9CFFA00A901F6 /* simpledb.cpp */ = {isa = PBXFileReference; fileEncoding = 4; lastKnownFileType = sourcecode.cpp.cpp; name = simpledb.cpp; path = ../examples/simpledb.cpp; sourceTree = SOURCE_ROOT; };
		5797C5500FC9CFFA00A901F6 /* simpledb.h */ = {isa = PBXFileReference; fileEncoding = 4; lastKnownFileType = sourcecode.c.h; name = simpledb.h; path = ../examples/simpledb.h; sourceTree = SOURCE_ROOT; };
		5797C5510FC9CFFA00A901F6 /* simpledb.pb.cc */ = {isa = PBXFileReference; fileEncoding = 4; lastKnownFileType = sourcecode.cpp.cpp; name = simpledb.pb.cc; path = ../examples/simpledb.pb.cc; sourceTree = SOURCE_ROOT; };
		5797C5520FC9CFFA00A901F6 /* simpledb.pb.h */ = {isa = PBXFileReference; fileEncoding = 4; lastKnownFileType = sourcecode.c.h; name = simpledb.pb.h; path = ../examples/simpledb.pb.h; sourceTree = SOURCE_ROOT; };
		57AAB5690FD92E8C00D902E5 /* transaction.h */ = {isa = PBXFileReference; fileEncoding = 4; lastKnownFileType = sourcecode.c.h; name = transaction.h; path = ../src/transaction.h; sourceTree = SOURCE_ROOT; };
		57AAB56A0FD92E8C00D902E5 /* transaction.cpp */ = {isa = PBXFileReference; fileEncoding = 4; lastKnownFileType = sourcecode.cpp.cpp; name = transaction.cpp; path = ../src/transaction.cpp; sourceTree = SOURCE_ROOT; };
		57D47EE90FC0B4650080E0CE /* baseservice.h */ = {isa = PBXFileReference; fileEncoding = 4; lastKnownFileType = sourcecode.c.h; name = baseservice.h; path = ../src/baseservice.h; sourceTree = SOURCE_ROOT; };
		57D47EEA0FC0B4650080E0CE /* baseservice.cpp */ = {isa = PBXFileReference; fileEncoding = 4; lastKnownFileType = sourcecode.cpp.cpp; name = baseservice.cpp; path = ../src/baseservice.cpp; sourceTree = SOURCE_ROOT; };
		57D47F860FC1DBED0080E0CE /* common.h */ = {isa = PBXFileReference; fileEncoding = 4; lastKnownFileType = sourcecode.c.h; name = common.h; path = ../src/common.h; sourceTree = SOURCE_ROOT; };
		57D47F920FC1DCF40080E0CE /* packetheader.h */ = {isa = PBXFileReference; fileEncoding = 4; lastKnownFileType = sourcecode.c.h; name = packetheader.h; path = ../src/packetheader.h; sourceTree = SOURCE_ROOT; };
		57D482250FC55B1E0080E0CE /* cqueue.h */ = {isa = PBXFileReference; fileEncoding = 4; lastKnownFileType = sourcecode.c.h; name = cqueue.h; path = ../src/cqueue.h; sourceTree = SOURCE_ROOT; };
		8DD76F6C0486A84900D96B5E /* sikozu */ = {isa = PBXFileReference; explicitFileType = "compiled.mach-o.executable"; includeInIndex = 0; path = sikozu; sourceTree = BUILT_PRODUCTS_DIR; };
		C6859E8B029090EE04C91782 /* sikozu.1 */ = {isa = PBXFileReference; lastKnownFileType = text.man; path = sikozu.1; sourceTree = "<group>"; };
/* End PBXFileReference section */

/* Begin PBXFrameworksBuildPhase section */
		5797C5480FC9CF7E00A901F6 /* Frameworks */ = {
			isa = PBXFrameworksBuildPhase;
			buildActionMask = 2147483647;
			files = (
			);
			runOnlyForDeploymentPostprocessing = 0;
		};
		8DD76F660486A84900D96B5E /* Frameworks */ = {
			isa = PBXFrameworksBuildPhase;
			buildActionMask = 2147483647;
			files = (
			);
			runOnlyForDeploymentPostprocessing = 0;
		};
/* End PBXFrameworksBuildPhase section */

/* Begin PBXGroup section */
		08FB7794FE84155DC02AAC07 /* sikozu */ = {
			isa = PBXGroup;
			children = (
				08FB7795FE84155DC02AAC07 /* Source */,
				C6859E8C029090F304C91782 /* Documentation */,
				1AB674ADFE9D54B511CA2CBB /* Products */,
			);
			name = sikozu;
			sourceTree = "<group>";
		};
		08FB7795FE84155DC02AAC07 /* Source */ = {
			isa = PBXGroup;
			children = (
				5797C5450FC9CF5A00A901F6 /* Example-SimpleDB */,
				57D483630FC5B9090080E0CE /* Interfaces */,
				57D483640FC5B9140080E0CE /* Base implementations  */,
				57D483650FC5B9340080E0CE /* Core Service */,
				57D47F860FC1DBED0080E0CE /* common.h */,
				578212590FE190A700EAE28F /* task.h */,
				5782127C0FE2B7E000EAE28F /* task.cpp */,
				57D482250FC55B1E0080E0CE /* cqueue.h */,
				5725203F0FAF876C0052F18F /* packetheader.cpp */,
				57D47F920FC1DCF40080E0CE /* packetheader.h */,
				5725203E0FAF876C0052F18F /* nodeid.h */,
				5725203D0FAF876C0052F18F /* nodeid.cpp */,
				57251F270FAE18180052F18F /* main.cpp */,
				572521360FB0B59C0052F18F /* server.h */,
				572521370FB0B59C0052F18F /* server.cpp */,
				572522890FB33C190052F18F /* serviceregistry.h */,
				5725228A0FB33C190052F18F /* serviceregistry.cpp */,
				57295A2C0FB591D90028DA4B /* bucketstore.h */,
				57295A2D0FB591D90028DA4B /* bucketstore.cpp */,
				57295C3B0FB759930028DA4B /* contact.h */,
				57295C3C0FB759930028DA4B /* contact.cpp */,
				57295C8C0FB88BBC0028DA4B /* request.h */,
				57295C8D0FB88BBC0028DA4B /* request.cpp */,
				57AAB5690FD92E8C00D902E5 /* transaction.h */,
				57AAB56A0FD92E8C00D902E5 /* transaction.cpp */,
				578210630FDC033900EAE28F /* remoteservice.h */,
				578210640FDC033900EAE28F /* remoteservice.cpp */,
				578211760FE047FB00EAE28F /* rawpackethandler.h */,
				578211770FE047FB00EAE28F /* rawpackethandler.cpp */,
			);
			name = Source;
			sourceTree = "<group>";
		};
		1AB674ADFE9D54B511CA2CBB /* Products */ = {
			isa = PBXGroup;
			children = (
				8DD76F6C0486A84900D96B5E /* sikozu */,
				5797C54A0FC9CF7E00A901F6 /* libsimpledb.dylib */,
			);
			name = Products;
			sourceTree = "<group>";
		};
		5797C5450FC9CF5A00A901F6 /* Example-SimpleDB */ = {
			isa = PBXGroup;
			children = (
				5797C54F0FC9CFFA00A901F6 /* simpledb.cpp */,
				5797C5500FC9CFFA00A901F6 /* simpledb.h */,
				5797C5510FC9CFFA00A901F6 /* simpledb.pb.cc */,
				5797C5520FC9CFFA00A901F6 /* simpledb.pb.h */,
			);
			name = "Example-SimpleDB";
			sourceTree = "<group>";
		};
		57D483630FC5B9090080E0CE /* Interfaces */ = {
			isa = PBXGroup;
			children = (
				572520E60FB0AD830052F18F /* service.h */,
			);
			name = Interfaces;
			sourceTree = "<group>";
		};
		57D483640FC5B9140080E0CE /* Base implementations  */ = {
			isa = PBXGroup;
			children = (
				57D47EE90FC0B4650080E0CE /* baseservice.h */,
				57D47EEA0FC0B4650080E0CE /* baseservice.cpp */,
			);
			name = "Base implementations ";
			sourceTree = "<group>";
		};
		57D483650FC5B9340080E0CE /* Core Service */ = {
			isa = PBXGroup;
			children = (
				572523200FB3521A0052F18F /* core.pb.h */,
				5725231F0FB3521A0052F18F /* core.pb.cc */,
				572520E90FB0B29A0052F18F /* coreservice.h */,
				572520EA0FB0B29A0052F18F /* coreservice.cpp */,
			);
			name = "Core Service";
			sourceTree = "<group>";
		};
		C6859E8C029090F304C91782 /* Documentation */ = {
			isa = PBXGroup;
			children = (
				C6859E8B029090EE04C91782 /* sikozu.1 */,
			);
			name = Documentation;
			sourceTree = "<group>";
		};
/* End PBXGroup section */

/* Begin PBXHeadersBuildPhase section */
		5797C5460FC9CF7E00A901F6 /* Headers */ = {
			isa = PBXHeadersBuildPhase;
			buildActionMask = 2147483647;
			files = (
				5797C5540FC9CFFA00A901F6 /* simpledb.h in Headers */,
				5797C5560FC9CFFA00A901F6 /* simpledb.pb.h in Headers */,
			);
			runOnlyForDeploymentPostprocessing = 0;
		};
/* End PBXHeadersBuildPhase section */

/* Begin PBXNativeTarget section */
		5797C5490FC9CF7E00A901F6 /* simpledb */ = {
			isa = PBXNativeTarget;
			buildConfigurationList = 5797C54E0FC9CFAA00A901F6 /* Build configuration list for PBXNativeTarget "simpledb" */;
			buildPhases = (
				5797C5460FC9CF7E00A901F6 /* Headers */,
				5797C5470FC9CF7E00A901F6 /* Sources */,
				5797C5480FC9CF7E00A901F6 /* Frameworks */,
			);
			buildRules = (
			);
			dependencies = (
			);
			name = simpledb;
			productName = simpledb;
			productReference = 5797C54A0FC9CF7E00A901F6 /* libsimpledb.dylib */;
			productType = "com.apple.product-type.library.dynamic";
		};
		8DD76F620486A84900D96B5E /* sikozu */ = {
			isa = PBXNativeTarget;
			buildConfigurationList = 1DEB923108733DC60010E9CD /* Build configuration list for PBXNativeTarget "sikozu" */;
			buildPhases = (
				8DD76F640486A84900D96B5E /* Sources */,
				8DD76F660486A84900D96B5E /* Frameworks */,
				8DD76F690486A84900D96B5E /* CopyFiles */,
			);
			buildRules = (
			);
			dependencies = (
			);
			name = sikozu;
			productInstallPath = "$(HOME)/bin";
			productName = sikozu;
			productReference = 8DD76F6C0486A84900D96B5E /* sikozu */;
			productType = "com.apple.product-type.tool";
		};
/* End PBXNativeTarget section */

/* Begin PBXProject section */
		08FB7793FE84155DC02AAC07 /* Project object */ = {
			isa = PBXProject;
			buildConfigurationList = 1DEB923508733DC60010E9CD /* Build configuration list for PBXProject "sikozu" */;
			compatibilityVersion = "Xcode 3.0";
			hasScannedForEncodings = 1;
			mainGroup = 08FB7794FE84155DC02AAC07 /* sikozu */;
			projectDirPath = "";
			projectRoot = "";
			targets = (
				8DD76F620486A84900D96B5E /* sikozu */,
				5797C5490FC9CF7E00A901F6 /* simpledb */,
			);
		};
/* End PBXProject section */

/* Begin PBXSourcesBuildPhase section */
		5797C5470FC9CF7E00A901F6 /* Sources */ = {
			isa = PBXSourcesBuildPhase;
			buildActionMask = 2147483647;
			files = (
				5797C5530FC9CFFA00A901F6 /* simpledb.cpp in Sources */,
				5797C5550FC9CFFA00A901F6 /* simpledb.pb.cc in Sources */,
			);
			runOnlyForDeploymentPostprocessing = 0;
		};
		8DD76F640486A84900D96B5E /* Sources */ = {
			isa = PBXSourcesBuildPhase;
			buildActionMask = 2147483647;
			files = (
				57251F280FAE18180052F18F /* main.cpp in Sources */,
				572520420FAF876C0052F18F /* nodeid.cpp in Sources */,
				572520430FAF876C0052F18F /* packetheader.cpp in Sources */,
				572520EB0FB0B29A0052F18F /* coreservice.cpp in Sources */,
				572521380FB0B59C0052F18F /* server.cpp in Sources */,
				5725228B0FB33C190052F18F /* serviceregistry.cpp in Sources */,
				572523210FB3521A0052F18F /* core.pb.cc in Sources */,
				57295A2E0FB591D90028DA4B /* bucketstore.cpp in Sources */,
				57295C3D0FB759930028DA4B /* contact.cpp in Sources */,
				57295C8E0FB88BBC0028DA4B /* request.cpp in Sources */,
				57D47EEB0FC0B4650080E0CE /* baseservice.cpp in Sources */,
				57AAB56B0FD92E8C00D902E5 /* transaction.cpp in Sources */,
				578210650FDC033900EAE28F /* remoteservice.cpp in Sources */,
				578211780FE047FB00EAE28F /* rawpackethandler.cpp in Sources */,
				5782127D0FE2B7E000EAE28F /* task.cpp in Sources */,
			);
			runOnlyForDeploymentPostprocessing = 0;
		};
/* End PBXSourcesBuildPhase section */

/* Begin XCBuildConfiguration section */
		1DEB923208733DC60010E9CD /* Debug */ = {
			isa = XCBuildConfiguration;
			buildSettings = {
				COPY_PHASE_STRIP = NO;
				GCC_DYNAMIC_NO_PIC = NO;
				GCC_ENABLE_FIX_AND_CONTINUE = YES;
				GCC_MODEL_TUNING = G5;
				GCC_OPTIMIZATION_LEVEL = 0;
				GCC_PREPROCESSOR_DEFINITIONS = "";
				HEADER_SEARCH_PATHS = (
					"./../external/threadpool-0_2_5-src/threadpool/",
					./src/,
					/usr/local/include/,
					/opt/local/include/,
				);
				INSTALL_PATH = /usr/local/bin;
				OTHER_LDFLAGS = (
					"-levent",
					"-lprotobuf",
					"-lboost_thread-mt",
					"-lboost_program_options-mt",
					"-lboost_date_time-mt",
				);
				PRODUCT_NAME = sikozu;
				ZERO_LINK = YES;
			};
			name = Debug;
		};
		1DEB923308733DC60010E9CD /* Release */ = {
			isa = XCBuildConfiguration;
			buildSettings = {
				DEBUG_INFORMATION_FORMAT = "dwarf-with-dsym";
				GCC_MODEL_TUNING = G5;
				INSTALL_PATH = /usr/local/bin;
				OTHER_LDFLAGS = (
					"-levent",
					"-lprotobuf",
					"-lboost_thread-mt",
				);
				PRODUCT_NAME = sikozu;
			};
			name = Release;
		};
		1DEB923608733DC60010E9CD /* Debug */ = {
			isa = XCBuildConfiguration;
			buildSettings = {
				GCC_WARN_ABOUT_RETURN_TYPE = YES;
				GCC_WARN_UNUSED_VARIABLE = YES;
				HEADER_SEARCH_PATHS = (
					./src/,
					/usr/local/include/,
					/opt/local/include/,
				);
				LIBRARY_SEARCH_PATHS = (
					/usr/local/lib/,
					/opt/local/lib/,
				);
				OTHER_LDFLAGS = (
					"-levent",
					"-lprotobuf",
					"-lboost_thread-mt",
					"-lboost_program_options-mt",
					"-lboost_date_time-mt",
				);
				PREBINDING = NO;
				SDKROOT = "$(DEVELOPER_SDK_DIR)/MacOSX10.5.sdk";
			};
			name = Debug;
		};
		1DEB923708733DC60010E9CD /* Release */ = {
			isa = XCBuildConfiguration;
			buildSettings = {
				ARCHS = (
					ppc,
					i386,
				);
				GCC_WARN_ABOUT_RETURN_TYPE = YES;
				GCC_WARN_UNUSED_VARIABLE = YES;
				HEADER_SEARCH_PATHS = (
					./src/,
					/usr/local/include/,
					/opt/local/include/,
				);
				LIBRARY_SEARCH_PATHS = (
					/usr/local/lib/,
					/opt/local/lib/,
				);
				OTHER_LDFLAGS = (
					"-levent",
					"-lprotobuf",
					"-lboost_thread-mt",
				);
				PREBINDING = NO;
				SDKROOT = "$(DEVELOPER_SDK_DIR)/MacOSX10.5.sdk";
				VALID_ARCHS = "i386 x86_64";
			};
			name = Release;
		};
		5797C54B0FC9CF7F00A901F6 /* Debug */ = {
			isa = XCBuildConfiguration;
			buildSettings = {
				COPY_PHASE_STRIP = NO;
				EXECUTABLE_PREFIX = lib;
				GCC_DYNAMIC_NO_PIC = NO;
				GCC_ENABLE_FIX_AND_CONTINUE = YES;
				GCC_MODEL_TUNING = G5;
				GCC_OPTIMIZATION_LEVEL = 0;
				GCC_PREPROCESSOR_DEFINITIONS = "";
				HEADER_SEARCH_PATHS = (
					"./../external/threadpool-0_2_5-src/threadpool/",
					./src/,
					/usr/local/include/,
					/opt/local/include/,
				);
				INSTALL_PATH = /usr/local/lib;
				OTHER_LDFLAGS = (
					"-levent",
					"-lprotobuf",
					"-lboost_thread-mt",
					"-undefined",
					dynamic_lookup,
					"-lboost_program_options-mt",
					"-lboost_date_time-mt",
				);
				PREBINDING = NO;
				PRODUCT_NAME = simpledb;
				ZERO_LINK = YES;
			};
			name = Debug;
		};
		5797C54C0FC9CF7F00A901F6 /* Release */ = {
			isa = XCBuildConfiguration;
			buildSettings = {
				COPY_PHASE_STRIP = YES;
				DEBUG_INFORMATION_FORMAT = "dwarf-with-dsym";
				EXECUTABLE_PREFIX = lib;
				GCC_ENABLE_FIX_AND_CONTINUE = NO;
				GCC_MODEL_TUNING = G5;
				INSTALL_PATH = /usr/local/lib;
				OTHER_LDFLAGS = (
					"-levent",
					"-lprotobuf",
					"-lboost_thread-mt",
					"-undefined",
					dynamic_lookup,
				);
				PREBINDING = NO;
				PRODUCT_NAME = simpledb;
				ZERO_LINK = NO;
			};
			name = Release;
		};
/* End XCBuildConfiguration section */

/* Begin XCConfigurationList section */
		1DEB923108733DC60010E9CD /* Build configuration list for PBXNativeTarget "sikozu" */ = {
			isa = XCConfigurationList;
			buildConfigurations = (
				1DEB923208733DC60010E9CD /* Debug */,
				1DEB923308733DC60010E9CD /* Release */,
			);
			defaultConfigurationIsVisible = 0;
			defaultConfigurationName = Release;
		};
		1DEB923508733DC60010E9CD /* Build configuration list for PBXProject "sikozu" */ = {
			isa = XCConfigurationList;
			buildConfigurations = (
				1DEB923608733DC60010E9CD /* Debug */,
				1DEB923708733DC60010E9CD /* Release */,
			);
			defaultConfigurationIsVisible = 0;
			defaultConfigurationName = Release;
		};
		5797C54E0FC9CFAA00A901F6 /* Build configuration list for PBXNativeTarget "simpledb" */ = {
			isa = XCConfigurationList;
			buildConfigurations = (
				5797C54B0FC9CF7F00A901F6 /* Debug */,
				5797C54C0FC9CF7F00A901F6 /* Release */,
			);
			defaultConfigurationIsVisible = 0;
			defaultConfigurationName = Release;
		};
/* End XCConfigurationList section */
	};
	rootObject = 08FB7793FE84155DC02AAC07 /* Project object */;
}
